
Microsoft Visual Studio Solution File, Format Version 12.00
# Visual Studio Version 17
VisualStudioVersion = 17.0.32014.148
MinimumVisualStudioVersion = 10.0.40219.1
Project("{FAE04EC0-301F-11D3-BF4B-00C04F79EFBC}") = "AbbyWeb", "AbbyWeb\AbbyWeb.csproj", "{074563D6-D4E8-4381-9B42-3FE05E168D7A}"
EndProject
Global
	GlobalSection(SolutionConfigurationPlatforms) = preSolution
		Debug|Any CPU = Debug|Any CPU
		Release|Any CPU = Release|Any CPU
	EndGlobalSection
	GlobalSection(ProjectConfigurationPlatforms) = postSolution
		{074563D6-D4E8-4381-9B42-3FE05E168D7A}.Debug|Any CPU.ActiveCfg = Debug|Any CPU
		{074563D6-D4E8-4381-9B42-3FE05E168D7A}.Debug|Any CPU.Build.0 = Debug|Any CPU
		{074563D6-D4E8-4381-9B42-3FE05E168D7A}.Release|Any CPU.ActiveCfg = Release|Any CPU
		{074563D6-D4E8-4381-9B42-3FE05E168D7A}.Release|Any CPU.Build.0 = Release|Any CPU
	EndGlobalSection
	GlobalSection(SolutionProperties) = preSolution
		HideSolutionNode = FALSE
	EndGlobalSection
	GlobalSection(ExtensibilityGlobals) = postSolution
		SolutionGuid = {189667EF-3657-4AEA-BE94-9F92FC8B985D}
	EndGlobalSection
EndGlobal
